{
  "version": "3",
  "packages": {
    "specifiers": {
      "jsr:@cross/runtime@~1.0.0": "jsr:@cross/runtime@1.0.0",
      "jsr:@cross/test@^0.0.14": "jsr:@cross/test@0.0.14",
      "jsr:@std/assert@^1.0.0": "jsr:@std/assert@1.0.16",
      "jsr:@std/internal@^1.0.12": "jsr:@std/internal@1.0.12"
    },
    "jsr": {
      "@cross/runtime@1.0.0": {
        "integrity": "dddecdf99182df13d50279d1e473f715e83d41961c5c22edd7bb0c4c3cf8a76a"
      },
      "@cross/test@0.0.14": {
        "integrity": "3af2cf23e39f97156d21da4b21373407735343493e333f33eaeceedce511a7f9",
        "dependencies": [
          "jsr:@cross/runtime@~1.0.0"
        ]
      },
      "@std/assert@1.0.16": {
        "integrity": "6a7272ed1eaa77defe76e5ff63ca705d9c495077e2d5fd0126d2b53fc5bd6532",
        "dependencies": [
          "jsr:@std/internal@^1.0.12"
        ]
      },
      "@std/internal@1.0.12": {
        "integrity": "972a634fd5bc34b242024402972cd5143eac68d8dffaca5eaa4dba30ce17b027"
      }
    }
  },
  "remote": {},
  "workspace": {
    "dependencies": [
      "jsr:@cross/test@^0.0.14",
      "jsr:@std/assert@^1.0.0"
    ]
  }
}
