{
  "version": "3",
  "packages": {
    "specifiers": {
      "jsr:@cross/runtime@^1.0.0": "jsr:@cross/runtime@1.2.1",
      "jsr:@cross/test@^0.0.10": "jsr:@cross/test@0.0.10",
      "jsr:@std/assert@^1.0.0": "jsr:@std/assert@1.0.15",
      "jsr:@std/internal@^1.0.12": "jsr:@std/internal@1.0.12"
    },
    "jsr": {
      "@cross/runtime@1.2.1": {
        "integrity": "f462fcf2fd678f9073291b4e55209b90f58c8d508764a84205d178abdcf22fc9"
      },
      "@cross/test@0.0.10": {
        "integrity": "5f235cdd927d5551d692bc413458625552d299bc5471baf18180e4287cf4ac20",
        "dependencies": [
          "jsr:@cross/runtime@^1.0.0"
        ]
      },
      "@std/assert@1.0.15": {
        "integrity": "d64018e951dbdfab9777335ecdb000c0b4e3df036984083be219ce5941e4703b",
        "dependencies": [
          "jsr:@std/internal@^1.0.12"
        ]
      },
      "@std/internal@1.0.12": {
        "integrity": "972a634fd5bc34b242024402972cd5143eac68d8dffaca5eaa4dba30ce17b027"
      }
    }
  },
  "remote": {},
  "workspace": {
    "dependencies": [
      "jsr:@cross/test@^0.0.10",
      "jsr:@std/assert@^1.0.0"
    ]
  }
}
